// !$*UTF8*$!
{
	archiveVersion = 1;
	classes = {
	};
	objectVersion = 56;
	objects = {

/* Begin PBXBuildFile section */
		7A641EF82A10E45F004C243A /* TravelHandyPlanApp.swift in Sources */ = {isa = PBXBuildFile; fileRef = 7A641EF72A10E45F004C243A /* TravelHandyPlanApp.swift */; };
		7A641EFA2A10E45F004C243A /* MainView.swift in Sources */ = {isa = PBXBuildFile; fileRef = 7A641EF92A10E45F004C243A /* MainView.swift */; };
		7A641EFC2A10E460004C243A /* Assets.xcassets in Resources */ = {isa = PBXBuildFile; fileRef = 7A641EFB2A10E460004C243A /* Assets.xcassets */; };
		7A641EFF2A10E460004C243A /* Preview Assets.xcassets in Resources */ = {isa = PBXBuildFile; fileRef = 7A641EFE2A10E460004C243A /* Preview Assets.xcassets */; };
		7A641F4F2A10EDDB004C243A /* Int+Extension.swift in Sources */ = {isa = PBXBuildFile; fileRef = 7A641F072A10EDDB004C243A /* Int+Extension.swift */; };
		7A641F502A10EDDB004C243A /* Date+Extension.swift in Sources */ = {isa = PBXBuildFile; fileRef = 7A641F082A10EDDB004C243A /* Date+Extension.swift */; };
		7A641F512A10EDDB004C243A /* TextView+Extension.swift in Sources */ = {isa = PBXBuildFile; fileRef = 7A641F092A10EDDB004C243A /* TextView+Extension.swift */; };
		7A641F522A10EDDB004C243A /* Double+Extension.swift in Sources */ = {isa = PBXBuildFile; fileRef = 7A641F0A2A10EDDB004C243A /* Double+Extension.swift */; };
		7A641F532A10EDDB004C243A /* String+Extension.swift in Sources */ = {isa = PBXBuildFile; fileRef = 7A641F0B2A10EDDB004C243A /* String+Extension.swift */; };
		7A641F542A10EDDB004C243A /* Color+Extension.swift in Sources */ = {isa = PBXBuildFile; fileRef = 7A641F0C2A10EDDB004C243A /* Color+Extension.swift */; };
		7A641F552A10EDDB004C243A /* Codable+Extension.swift in Sources */ = {isa = PBXBuildFile; fileRef = 7A641F0D2A10EDDB004C243A /* Codable+Extension.swift */; };
		7A641F562A10EDDB004C243A /* Float+Extension.swift in Sources */ = {isa = PBXBuildFile; fileRef = 7A641F0E2A10EDDB004C243A /* Float+Extension.swift */; };
		7A641F572A10EDDB004C243A /* Range+Extension.swift in Sources */ = {isa = PBXBuildFile; fileRef = 7A641F0F2A10EDDB004C243A /* Range+Extension.swift */; };
		7A641F582A10EDDB004C243A /* View+Extension.swift in Sources */ = {isa = PBXBuildFile; fileRef = 7A641F102A10EDDB004C243A /* View+Extension.swift */; };
		7A641F592A10EDDB004C243A /* ScrollViewKey.swift in Sources */ = {isa = PBXBuildFile; fileRef = 7A641F112A10EDDB004C243A /* ScrollViewKey.swift */; };
		7A641F5A2A10EDDB004C243A /* Toolbar.swift in Sources */ = {isa = PBXBuildFile; fileRef = 7A641F132A10EDDB004C243A /* Toolbar.swift */; };
		7A641F5B2A10EDDB004C243A /* Buttlet_Point_SwiftUI.swift in Sources */ = {isa = PBXBuildFile; fileRef = 7A641F142A10EDDB004C243A /* Buttlet_Point_SwiftUI.swift */; };
		7A641F5C2A10EDDB004C243A /* ListGridView.swift in Sources */ = {isa = PBXBuildFile; fileRef = 7A641F152A10EDDB004C243A /* ListGridView.swift */; };
		7A641F5D2A10EDDB004C243A /* ListTextClickedBottomsheet.swift in Sources */ = {isa = PBXBuildFile; fileRef = 7A641F162A10EDDB004C243A /* ListTextClickedBottomsheet.swift */; };
		7A641F5E2A10EDDB004C243A /* BlurView.swift in Sources */ = {isa = PBXBuildFile; fileRef = 7A641F172A10EDDB004C243A /* BlurView.swift */; };
		7A641F5F2A10EDDB004C243A /* CustomShape_UI.swift in Sources */ = {isa = PBXBuildFile; fileRef = 7A641F182A10EDDB004C243A /* CustomShape_UI.swift */; };
		7A641F602A10EDDB004C243A /* YoutubeScreen.swift in Sources */ = {isa = PBXBuildFile; fileRef = 7A641F1B2A10EDDB004C243A /* YoutubeScreen.swift */; };
		7A641F612A10EDDB004C243A /* NormalWebView.swift in Sources */ = {isa = PBXBuildFile; fileRef = 7A641F1C2A10EDDB004C243A /* NormalWebView.swift */; };
		7A641F622A10EDDB004C243A /* Dynamic_Static_WebView.swift in Sources */ = {isa = PBXBuildFile; fileRef = 7A641F1D2A10EDDB004C243A /* Dynamic_Static_WebView.swift */; };
		7A641F632A10EDDB004C243A /* WebViewProcessMoney.swift in Sources */ = {isa = PBXBuildFile; fileRef = 7A641F1E2A10EDDB004C243A /* WebViewProcessMoney.swift */; };
		7A641F642A10EDDB004C243A /* PDF_View_Controller.swift in Sources */ = {isa = PBXBuildFile; fileRef = 7A641F202A10EDDB004C243A /* PDF_View_Controller.swift */; };
		7A641F652A10EDDB004C243A /* FAQs_WebView.swift in Sources */ = {isa = PBXBuildFile; fileRef = 7A641F222A10EDDB004C243A /* FAQs_WebView.swift */; };
		7A641F662A10EDDB004C243A /* DynamicWebView.swift in Sources */ = {isa = PBXBuildFile; fileRef = 7A641F232A10EDDB004C243A /* DynamicWebView.swift */; };
		7A641F672A10EDDB004C243A /* IconWebView.swift in Sources */ = {isa = PBXBuildFile; fileRef = 7A641F242A10EDDB004C243A /* IconWebView.swift */; };
		7A641F682A10EDDB004C243A /* MultiLineTextField.swift in Sources */ = {isa = PBXBuildFile; fileRef = 7A641F262A10EDDB004C243A /* MultiLineTextField.swift */; };
		7A641F692A10EDDB004C243A /* BlockVietnameseTextField.swift in Sources */ = {isa = PBXBuildFile; fileRef = 7A641F272A10EDDB004C243A /* BlockVietnameseTextField.swift */; };
		7A641F6A2A10EDDB004C243A /* StickyHeader.swift in Sources */ = {isa = PBXBuildFile; fileRef = 7A641F282A10EDDB004C243A /* StickyHeader.swift */; };
		7A641F6B2A10EDDB004C243A /* TwoTextFieldDialog.swift in Sources */ = {isa = PBXBuildFile; fileRef = 7A641F2A2A10EDDB004C243A /* TwoTextFieldDialog.swift */; };
		7A641F6C2A10EDDB004C243A /* DatePicker_View.swift in Sources */ = {isa = PBXBuildFile; fileRef = 7A641F2C2A10EDDB004C243A /* DatePicker_View.swift */; };
		7A641F6D2A10EDDB004C243A /* DocumentPicker.swift in Sources */ = {isa = PBXBuildFile; fileRef = 7A641F2D2A10EDDB004C243A /* DocumentPicker.swift */; };
		7A641F6E2A10EDDB004C243A /* ImagePicker.swift in Sources */ = {isa = PBXBuildFile; fileRef = 7A641F2E2A10EDDB004C243A /* ImagePicker.swift */; };
		7A641F6F2A10EDDB004C243A /* CameraPicker.swift in Sources */ = {isa = PBXBuildFile; fileRef = 7A641F2F2A10EDDB004C243A /* CameraPicker.swift */; };
		7A641F702A10EDDB004C243A /* RoundedCorners.swift in Sources */ = {isa = PBXBuildFile; fileRef = 7A641F302A10EDDB004C243A /* RoundedCorners.swift */; };
		7A641F712A10EDDB004C243A /* Load_Image_From_URL.swift in Sources */ = {isa = PBXBuildFile; fileRef = 7A641F312A10EDDB004C243A /* Load_Image_From_URL.swift */; };
		7A641F722A10EDDB004C243A /* AnimationObserverModifier.swift in Sources */ = {isa = PBXBuildFile; fileRef = 7A641F322A10EDDB004C243A /* AnimationObserverModifier.swift */; };
		7A641F732A10EDDB004C243A /* TextEditorView.swift in Sources */ = {isa = PBXBuildFile; fileRef = 7A641F332A10EDDB004C243A /* TextEditorView.swift */; };
		7A641F742A10EDDB004C243A /* MarqueeText.swift in Sources */ = {isa = PBXBuildFile; fileRef = 7A641F342A10EDDB004C243A /* MarqueeText.swift */; };
		7A641F752A10EDDB004C243A /* MonthPicker.swift in Sources */ = {isa = PBXBuildFile; fileRef = 7A641F352A10EDDB004C243A /* MonthPicker.swift */; };
		7A641F772A10EDDB004C243A /* DragAbleButton.swift in Sources */ = {isa = PBXBuildFile; fileRef = 7A641F382A10EDDB004C243A /* DragAbleButton.swift */; };
		7A641F782A10EDDB004C243A /* Choose_Communicate.swift in Sources */ = {isa = PBXBuildFile; fileRef = 7A641F392A10EDDB004C243A /* Choose_Communicate.swift */; };
		7A641F792A10EDDB004C243A /* VisualEffectView.swift in Sources */ = {isa = PBXBuildFile; fileRef = 7A641F3A2A10EDDB004C243A /* VisualEffectView.swift */; };
		7A641F7A2A10EDDB004C243A /* Dash_Line.swift in Sources */ = {isa = PBXBuildFile; fileRef = 7A641F3B2A10EDDB004C243A /* Dash_Line.swift */; };
		7A641F7B2A10EDDB004C243A /* Bottom_LoadingIndicator.swift in Sources */ = {isa = PBXBuildFile; fileRef = 7A641F3C2A10EDDB004C243A /* Bottom_LoadingIndicator.swift */; };
		7A641F7C2A10EDDB004C243A /* Toast.swift in Sources */ = {isa = PBXBuildFile; fileRef = 7A641F3D2A10EDDB004C243A /* Toast.swift */; };
		7A641F7D2A10EDDB004C243A /* BaseView.swift in Sources */ = {isa = PBXBuildFile; fileRef = 7A641F3E2A10EDDB004C243A /* BaseView.swift */; };
		7A641F7E2A10EDDB004C243A /* AppData.swift in Sources */ = {isa = PBXBuildFile; fileRef = 7A641F402A10EDDB004C243A /* AppData.swift */; };
		7A641F822A10EDDB004C243A /* RobotoSlab-Medium.ttf in Resources */ = {isa = PBXBuildFile; fileRef = 7A641F452A10EDDB004C243A /* RobotoSlab-Medium.ttf */; };
		7A641F832A10EDDB004C243A /* FontManager.swift in Sources */ = {isa = PBXBuildFile; fileRef = 7A641F462A10EDDB004C243A /* FontManager.swift */; };
		7A641F842A10EDDB004C243A /* RobotoSlab-SemiBold.ttf in Resources */ = {isa = PBXBuildFile; fileRef = 7A641F472A10EDDB004C243A /* RobotoSlab-SemiBold.ttf */; };
		7A641F852A10EDDB004C243A /* RobotoSlab-ExtraBold.ttf in Resources */ = {isa = PBXBuildFile; fileRef = 7A641F482A10EDDB004C243A /* RobotoSlab-ExtraBold.ttf */; };
		7A641F862A10EDDB004C243A /* RobotoSlab-Thin.ttf in Resources */ = {isa = PBXBuildFile; fileRef = 7A641F492A10EDDB004C243A /* RobotoSlab-Thin.ttf */; };
		7A641F872A10EDDB004C243A /* RobotoSlab-Black.ttf in Resources */ = {isa = PBXBuildFile; fileRef = 7A641F4A2A10EDDB004C243A /* RobotoSlab-Black.ttf */; };
		7A641F882A10EDDB004C243A /* RobotoSlab-Bold.ttf in Resources */ = {isa = PBXBuildFile; fileRef = 7A641F4B2A10EDDB004C243A /* RobotoSlab-Bold.ttf */; };
		7A641F892A10EDDB004C243A /* RobotoSlab-Light.ttf in Resources */ = {isa = PBXBuildFile; fileRef = 7A641F4C2A10EDDB004C243A /* RobotoSlab-Light.ttf */; };
		7A641F8A2A10EDDB004C243A /* RobotoSlab-ExtraLight.ttf in Resources */ = {isa = PBXBuildFile; fileRef = 7A641F4D2A10EDDB004C243A /* RobotoSlab-ExtraLight.ttf */; };
		7A641F8B2A10EDDB004C243A /* RobotoSlab-Regular.ttf in Resources */ = {isa = PBXBuildFile; fileRef = 7A641F4E2A10EDDB004C243A /* RobotoSlab-Regular.ttf */; };
		7A641F912A1118EC004C243A /* TabBar.swift in Sources */ = {isa = PBXBuildFile; fileRef = 7A641F902A1118EC004C243A /* TabBar.swift */; };
		7A641F932A111B19004C243A /* Shortcut.swift in Sources */ = {isa = PBXBuildFile; fileRef = 7A641F922A111B19004C243A /* Shortcut.swift */; };
		7A641F962A111B4E004C243A /* InDevelopmentView.swift in Sources */ = {isa = PBXBuildFile; fileRef = 7A641F952A111B4E004C243A /* InDevelopmentView.swift */; };
		7A641F992A111C6E004C243A /* TravelPlanView.swift in Sources */ = {isa = PBXBuildFile; fileRef = 7A641F982A111C6E004C243A /* TravelPlanView.swift */; };
		7A641F9C2A114447004C243A /* DashboardView.swift in Sources */ = {isa = PBXBuildFile; fileRef = 7A641F9B2A114447004C243A /* DashboardView.swift */; };
		7A641F9F2A114A69004C243A /* SDWebImage in Frameworks */ = {isa = PBXBuildFile; productRef = 7A641F9E2A114A69004C243A /* SDWebImage */; };
		7A641FA22A114A80004C243A /* SDWebImageSwiftUI in Frameworks */ = {isa = PBXBuildFile; productRef = 7A641FA12A114A80004C243A /* SDWebImageSwiftUI */; };
		7A641FA52A114BA8004C243A /* Lottie in Frameworks */ = {isa = PBXBuildFile; productRef = 7A641FA42A114BA8004C243A /* Lottie */; };
		7A641FA72A114D03004C243A /* Font+Extension.swift in Sources */ = {isa = PBXBuildFile; fileRef = 7A641FA62A114D03004C243A /* Font+Extension.swift */; };
		7A641FAA2A1283FB004C243A /* TravelItem.swift in Sources */ = {isa = PBXBuildFile; fileRef = 7A641FA92A1283FB004C243A /* TravelItem.swift */; };
/* End PBXBuildFile section */

/* Begin PBXFileReference section */
		7A641EF42A10E45F004C243A /* TravelHandyPlan.app */ = {isa = PBXFileReference; explicitFileType = wrapper.application; includeInIndex = 0; path = TravelHandyPlan.app; sourceTree = BUILT_PRODUCTS_DIR; };
		7A641EF72A10E45F004C243A /* TravelHandyPlanApp.swift */ = {isa = PBXFileReference; lastKnownFileType = sourcecode.swift; path = TravelHandyPlanApp.swift; sourceTree = "<group>"; };
		7A641EF92A10E45F004C243A /* MainView.swift */ = {isa = PBXFileReference; lastKnownFileType = sourcecode.swift; path = MainView.swift; sourceTree = "<group>"; };
		7A641EFB2A10E460004C243A /* Assets.xcassets */ = {isa = PBXFileReference; lastKnownFileType = folder.assetcatalog; path = Assets.xcassets; sourceTree = "<group>"; };
		7A641EFE2A10E460004C243A /* Preview Assets.xcassets */ = {isa = PBXFileReference; lastKnownFileType = folder.assetcatalog; path = "Preview Assets.xcassets"; sourceTree = "<group>"; };
		7A641F072A10EDDB004C243A /* Int+Extension.swift */ = {isa = PBXFileReference; fileEncoding = 4; lastKnownFileType = sourcecode.swift; path = "Int+Extension.swift"; sourceTree = "<group>"; };
		7A641F082A10EDDB004C243A /* Date+Extension.swift */ = {isa = PBXFileReference; fileEncoding = 4; lastKnownFileType = sourcecode.swift; path = "Date+Extension.swift"; sourceTree = "<group>"; };
		7A641F092A10EDDB004C243A /* TextView+Extension.swift */ = {isa = PBXFileReference; fileEncoding = 4; lastKnownFileType = sourcecode.swift; path = "TextView+Extension.swift"; sourceTree = "<group>"; };
		7A641F0A2A10EDDB004C243A /* Double+Extension.swift */ = {isa = PBXFileReference; fileEncoding = 4; lastKnownFileType = sourcecode.swift; path = "Double+Extension.swift"; sourceTree = "<group>"; };
		7A641F0B2A10EDDB004C243A /* String+Extension.swift */ = {isa = PBXFileReference; fileEncoding = 4; lastKnownFileType = sourcecode.swift; path = "String+Extension.swift"; sourceTree = "<group>"; };
		7A641F0C2A10EDDB004C243A /* Color+Extension.swift */ = {isa = PBXFileReference; fileEncoding = 4; lastKnownFileType = sourcecode.swift; path = "Color+Extension.swift"; sourceTree = "<group>"; };
		7A641F0D2A10EDDB004C243A /* Codable+Extension.swift */ = {isa = PBXFileReference; fileEncoding = 4; lastKnownFileType = sourcecode.swift; path = "Codable+Extension.swift"; sourceTree = "<group>"; };
		7A641F0E2A10EDDB004C243A /* Float+Extension.swift */ = {isa = PBXFileReference; fileEncoding = 4; lastKnownFileType = sourcecode.swift; path = "Float+Extension.swift"; sourceTree = "<group>"; };
		7A641F0F2A10EDDB004C243A /* Range+Extension.swift */ = {isa = PBXFileReference; fileEncoding = 4; lastKnownFileType = sourcecode.swift; path = "Range+Extension.swift"; sourceTree = "<group>"; };
		7A641F102A10EDDB004C243A /* View+Extension.swift */ = {isa = PBXFileReference; fileEncoding = 4; lastKnownFileType = sourcecode.swift; path = "View+Extension.swift"; sourceTree = "<group>"; };
		7A641F112A10EDDB004C243A /* ScrollViewKey.swift */ = {isa = PBXFileReference; fileEncoding = 4; lastKnownFileType = sourcecode.swift; path = ScrollViewKey.swift; sourceTree = "<group>"; };
		7A641F132A10EDDB004C243A /* Toolbar.swift */ = {isa = PBXFileReference; fileEncoding = 4; lastKnownFileType = sourcecode.swift; path = Toolbar.swift; sourceTree = "<group>"; };
		7A641F142A10EDDB004C243A /* Buttlet_Point_SwiftUI.swift */ = {isa = PBXFileReference; fileEncoding = 4; lastKnownFileType = sourcecode.swift; path = Buttlet_Point_SwiftUI.swift; sourceTree = "<group>"; };
		7A641F152A10EDDB004C243A /* ListGridView.swift */ = {isa = PBXFileReference; fileEncoding = 4; lastKnownFileType = sourcecode.swift; path = ListGridView.swift; sourceTree = "<group>"; };
		7A641F162A10EDDB004C243A /* ListTextClickedBottomsheet.swift */ = {isa = PBXFileReference; fileEncoding = 4; lastKnownFileType = sourcecode.swift; path = ListTextClickedBottomsheet.swift; sourceTree = "<group>"; };
		7A641F172A10EDDB004C243A /* BlurView.swift */ = {isa = PBXFileReference; fileEncoding = 4; lastKnownFileType = sourcecode.swift; path = BlurView.swift; sourceTree = "<group>"; };
		7A641F182A10EDDB004C243A /* CustomShape_UI.swift */ = {isa = PBXFileReference; fileEncoding = 4; lastKnownFileType = sourcecode.swift; path = CustomShape_UI.swift; sourceTree = "<group>"; };
		7A641F1B2A10EDDB004C243A /* YoutubeScreen.swift */ = {isa = PBXFileReference; fileEncoding = 4; lastKnownFileType = sourcecode.swift; path = YoutubeScreen.swift; sourceTree = "<group>"; };
		7A641F1C2A10EDDB004C243A /* NormalWebView.swift */ = {isa = PBXFileReference; fileEncoding = 4; lastKnownFileType = sourcecode.swift; path = NormalWebView.swift; sourceTree = "<group>"; };
		7A641F1D2A10EDDB004C243A /* Dynamic_Static_WebView.swift */ = {isa = PBXFileReference; fileEncoding = 4; lastKnownFileType = sourcecode.swift; path = Dynamic_Static_WebView.swift; sourceTree = "<group>"; };
		7A641F1E2A10EDDB004C243A /* WebViewProcessMoney.swift */ = {isa = PBXFileReference; fileEncoding = 4; lastKnownFileType = sourcecode.swift; path = WebViewProcessMoney.swift; sourceTree = "<group>"; };
		7A641F202A10EDDB004C243A /* PDF_View_Controller.swift */ = {isa = PBXFileReference; fileEncoding = 4; lastKnownFileType = sourcecode.swift; path = PDF_View_Controller.swift; sourceTree = "<group>"; };
		7A641F222A10EDDB004C243A /* FAQs_WebView.swift */ = {isa = PBXFileReference; fileEncoding = 4; lastKnownFileType = sourcecode.swift; path = FAQs_WebView.swift; sourceTree = "<group>"; };
		7A641F232A10EDDB004C243A /* DynamicWebView.swift */ = {isa = PBXFileReference; fileEncoding = 4; lastKnownFileType = sourcecode.swift; path = DynamicWebView.swift; sourceTree = "<group>"; };
		7A641F242A10EDDB004C243A /* IconWebView.swift */ = {isa = PBXFileReference; fileEncoding = 4; lastKnownFileType = sourcecode.swift; path = IconWebView.swift; sourceTree = "<group>"; };
		7A641F262A10EDDB004C243A /* MultiLineTextField.swift */ = {isa = PBXFileReference; fileEncoding = 4; lastKnownFileType = sourcecode.swift; path = MultiLineTextField.swift; sourceTree = "<group>"; };
		7A641F272A10EDDB004C243A /* BlockVietnameseTextField.swift */ = {isa = PBXFileReference; fileEncoding = 4; lastKnownFileType = sourcecode.swift; path = BlockVietnameseTextField.swift; sourceTree = "<group>"; };
		7A641F282A10EDDB004C243A /* StickyHeader.swift */ = {isa = PBXFileReference; fileEncoding = 4; lastKnownFileType = sourcecode.swift; path = StickyHeader.swift; sourceTree = "<group>"; };
		7A641F2A2A10EDDB004C243A /* TwoTextFieldDialog.swift */ = {isa = PBXFileReference; fileEncoding = 4; lastKnownFileType = sourcecode.swift; path = TwoTextFieldDialog.swift; sourceTree = "<group>"; };
		7A641F2C2A10EDDB004C243A /* DatePicker_View.swift */ = {isa = PBXFileReference; fileEncoding = 4; lastKnownFileType = sourcecode.swift; path = DatePicker_View.swift; sourceTree = "<group>"; };
		7A641F2D2A10EDDB004C243A /* DocumentPicker.swift */ = {isa = PBXFileReference; fileEncoding = 4; lastKnownFileType = sourcecode.swift; path = DocumentPicker.swift; sourceTree = "<group>"; };
		7A641F2E2A10EDDB004C243A /* ImagePicker.swift */ = {isa = PBXFileReference; fileEncoding = 4; lastKnownFileType = sourcecode.swift; path = ImagePicker.swift; sourceTree = "<group>"; };
		7A641F2F2A10EDDB004C243A /* CameraPicker.swift */ = {isa = PBXFileReference; fileEncoding = 4; lastKnownFileType = sourcecode.swift; path = CameraPicker.swift; sourceTree = "<group>"; };
		7A641F302A10EDDB004C243A /* RoundedCorners.swift */ = {isa = PBXFileReference; fileEncoding = 4; lastKnownFileType = sourcecode.swift; path = RoundedCorners.swift; sourceTree = "<group>"; };
		7A641F312A10EDDB004C243A /* Load_Image_From_URL.swift */ = {isa = PBXFileReference; fileEncoding = 4; lastKnownFileType = sourcecode.swift; path = Load_Image_From_URL.swift; sourceTree = "<group>"; };
		7A641F322A10EDDB004C243A /* AnimationObserverModifier.swift */ = {isa = PBXFileReference; fileEncoding = 4; lastKnownFileType = sourcecode.swift; path = AnimationObserverModifier.swift; sourceTree = "<group>"; };
		7A641F332A10EDDB004C243A /* TextEditorView.swift */ = {isa = PBXFileReference; fileEncoding = 4; lastKnownFileType = sourcecode.swift; path = TextEditorView.swift; sourceTree = "<group>"; };
		7A641F342A10EDDB004C243A /* MarqueeText.swift */ = {isa = PBXFileReference; fileEncoding = 4; lastKnownFileType = sourcecode.swift; path = MarqueeText.swift; sourceTree = "<group>"; };
		7A641F352A10EDDB004C243A /* MonthPicker.swift */ = {isa = PBXFileReference; fileEncoding = 4; lastKnownFileType = sourcecode.swift; path = MonthPicker.swift; sourceTree = "<group>"; };
		7A641F382A10EDDB004C243A /* DragAbleButton.swift */ = {isa = PBXFileReference; fileEncoding = 4; lastKnownFileType = sourcecode.swift; path = DragAbleButton.swift; sourceTree = "<group>"; };
		7A641F392A10EDDB004C243A /* Choose_Communicate.swift */ = {isa = PBXFileReference; fileEncoding = 4; lastKnownFileType = sourcecode.swift; path = Choose_Communicate.swift; sourceTree = "<group>"; };
		7A641F3A2A10EDDB004C243A /* VisualEffectView.swift */ = {isa = PBXFileReference; fileEncoding = 4; lastKnownFileType = sourcecode.swift; path = VisualEffectView.swift; sourceTree = "<group>"; };
		7A641F3B2A10EDDB004C243A /* Dash_Line.swift */ = {isa = PBXFileReference; fileEncoding = 4; lastKnownFileType = sourcecode.swift; path = Dash_Line.swift; sourceTree = "<group>"; };
		7A641F3C2A10EDDB004C243A /* Bottom_LoadingIndicator.swift */ = {isa = PBXFileReference; fileEncoding = 4; lastKnownFileType = sourcecode.swift; path = Bottom_LoadingIndicator.swift; sourceTree = "<group>"; };
		7A641F3D2A10EDDB004C243A /* Toast.swift */ = {isa = PBXFileReference; fileEncoding = 4; lastKnownFileType = sourcecode.swift; path = Toast.swift; sourceTree = "<group>"; };
		7A641F3E2A10EDDB004C243A /* BaseView.swift */ = {isa = PBXFileReference; fileEncoding = 4; lastKnownFileType = sourcecode.swift; path = BaseView.swift; sourceTree = "<group>"; };
		7A641F402A10EDDB004C243A /* AppData.swift */ = {isa = PBXFileReference; fileEncoding = 4; lastKnownFileType = sourcecode.swift; path = AppData.swift; sourceTree = "<group>"; };
		7A641F452A10EDDB004C243A /* RobotoSlab-Medium.ttf */ = {isa = PBXFileReference; lastKnownFileType = file; path = "RobotoSlab-Medium.ttf"; sourceTree = "<group>"; };
		7A641F462A10EDDB004C243A /* FontManager.swift */ = {isa = PBXFileReference; fileEncoding = 4; lastKnownFileType = sourcecode.swift; path = FontManager.swift; sourceTree = "<group>"; };
		7A641F472A10EDDB004C243A /* RobotoSlab-SemiBold.ttf */ = {isa = PBXFileReference; lastKnownFileType = file; path = "RobotoSlab-SemiBold.ttf"; sourceTree = "<group>"; };
		7A641F482A10EDDB004C243A /* RobotoSlab-ExtraBold.ttf */ = {isa = PBXFileReference; lastKnownFileType = file; path = "RobotoSlab-ExtraBold.ttf"; sourceTree = "<group>"; };
		7A641F492A10EDDB004C243A /* RobotoSlab-Thin.ttf */ = {isa = PBXFileReference; lastKnownFileType = file; path = "RobotoSlab-Thin.ttf"; sourceTree = "<group>"; };
		7A641F4A2A10EDDB004C243A /* RobotoSlab-Black.ttf */ = {isa = PBXFileReference; lastKnownFileType = file; path = "RobotoSlab-Black.ttf"; sourceTree = "<group>"; };
		7A641F4B2A10EDDB004C243A /* RobotoSlab-Bold.ttf */ = {isa = PBXFileReference; lastKnownFileType = file; path = "RobotoSlab-Bold.ttf"; sourceTree = "<group>"; };
		7A641F4C2A10EDDB004C243A /* RobotoSlab-Light.ttf */ = {isa = PBXFileReference; lastKnownFileType = file; path = "RobotoSlab-Light.ttf"; sourceTree = "<group>"; };
		7A641F4D2A10EDDB004C243A /* RobotoSlab-ExtraLight.ttf */ = {isa = PBXFileReference; lastKnownFileType = file; path = "RobotoSlab-ExtraLight.ttf"; sourceTree = "<group>"; };
		7A641F4E2A10EDDB004C243A /* RobotoSlab-Regular.ttf */ = {isa = PBXFileReference; lastKnownFileType = file; path = "RobotoSlab-Regular.ttf"; sourceTree = "<group>"; };
		7A641F902A1118EC004C243A /* TabBar.swift */ = {isa = PBXFileReference; lastKnownFileType = sourcecode.swift; path = TabBar.swift; sourceTree = "<group>"; };
		7A641F922A111B19004C243A /* Shortcut.swift */ = {isa = PBXFileReference; lastKnownFileType = sourcecode.swift; path = Shortcut.swift; sourceTree = "<group>"; };
		7A641F952A111B4E004C243A /* InDevelopmentView.swift */ = {isa = PBXFileReference; lastKnownFileType = sourcecode.swift; path = InDevelopmentView.swift; sourceTree = "<group>"; };
		7A641F982A111C6E004C243A /* TravelPlanView.swift */ = {isa = PBXFileReference; lastKnownFileType = sourcecode.swift; path = TravelPlanView.swift; sourceTree = "<group>"; };
		7A641F9B2A114447004C243A /* DashboardView.swift */ = {isa = PBXFileReference; lastKnownFileType = sourcecode.swift; path = DashboardView.swift; sourceTree = "<group>"; };
		7A641FA62A114D03004C243A /* Font+Extension.swift */ = {isa = PBXFileReference; lastKnownFileType = sourcecode.swift; path = "Font+Extension.swift"; sourceTree = "<group>"; };
		7A641FA92A1283FB004C243A /* TravelItem.swift */ = {isa = PBXFileReference; lastKnownFileType = sourcecode.swift; path = TravelItem.swift; sourceTree = "<group>"; };
/* End PBXFileReference section */

/* Begin PBXFrameworksBuildPhase section */
		7A641EF12A10E45F004C243A /* Frameworks */ = {
			isa = PBXFrameworksBuildPhase;
			buildActionMask = 2147483647;
			files = (
				7A641FA22A114A80004C243A /* SDWebImageSwiftUI in Frameworks */,
				7A641F9F2A114A69004C243A /* SDWebImage in Frameworks */,
				7A641FA52A114BA8004C243A /* Lottie in Frameworks */,
			);
			runOnlyForDeploymentPostprocessing = 0;
		};
/* End PBXFrameworksBuildPhase section */

/* Begin PBXGroup section */
		7A641EEB2A10E45F004C243A = {
			isa = PBXGroup;
			children = (
				7A641EF62A10E45F004C243A /* TravelHandyPlan */,
				7A641EF52A10E45F004C243A /* Products */,
			);
			sourceTree = "<group>";
		};
		7A641EF52A10E45F004C243A /* Products */ = {
			isa = PBXGroup;
			children = (
				7A641EF42A10E45F004C243A /* TravelHandyPlan.app */,
			);
			name = Products;
			sourceTree = "<group>";
		};
		7A641EF62A10E45F004C243A /* TravelHandyPlan */ = {
			isa = PBXGroup;
			children = (
				7A641EF72A10E45F004C243A /* TravelHandyPlanApp.swift */,
				7A641EF92A10E45F004C243A /* MainView.swift */,
				7A641F8F2A10F3EB004C243A /* Resources */,
				7A641F052A10EDDB004C243A /* Utilities */,
				7A641F8C2A10F234004C243A /* Scenes */,
				7A641EFB2A10E460004C243A /* Assets.xcassets */,
				7A641EFD2A10E460004C243A /* Preview Content */,
			);
			path = TravelHandyPlan;
			sourceTree = "<group>";
		};
		7A641EFD2A10E460004C243A /* Preview Content */ = {
			isa = PBXGroup;
			children = (
				7A641EFE2A10E460004C243A /* Preview Assets.xcassets */,
			);
			path = "Preview Content";
			sourceTree = "<group>";
		};
		7A641F052A10EDDB004C243A /* Utilities */ = {
			isa = PBXGroup;
			children = (
				7A641F062A10EDDB004C243A /* Extension */,
				7A641F122A10EDDB004C243A /* View_Support */,
				7A641F3F2A10EDDB004C243A /* Global_Data */,
				7A641F442A10EDDB004C243A /* Font */,
			);
			path = Utilities;
			sourceTree = "<group>";
		};
		7A641F062A10EDDB004C243A /* Extension */ = {
			isa = PBXGroup;
			children = (
				7A641F072A10EDDB004C243A /* Int+Extension.swift */,
				7A641F082A10EDDB004C243A /* Date+Extension.swift */,
				7A641F092A10EDDB004C243A /* TextView+Extension.swift */,
				7A641F0A2A10EDDB004C243A /* Double+Extension.swift */,
				7A641F0B2A10EDDB004C243A /* String+Extension.swift */,
				7A641F0C2A10EDDB004C243A /* Color+Extension.swift */,
				7A641F0D2A10EDDB004C243A /* Codable+Extension.swift */,
				7A641F0E2A10EDDB004C243A /* Float+Extension.swift */,
				7A641F0F2A10EDDB004C243A /* Range+Extension.swift */,
				7A641F102A10EDDB004C243A /* View+Extension.swift */,
				7A641F112A10EDDB004C243A /* ScrollViewKey.swift */,
				7A641FA62A114D03004C243A /* Font+Extension.swift */,
			);
			path = Extension;
			sourceTree = "<group>";
		};
		7A641F122A10EDDB004C243A /* View_Support */ = {
			isa = PBXGroup;
			children = (
				7A641F132A10EDDB004C243A /* Toolbar.swift */,
				7A641F142A10EDDB004C243A /* Buttlet_Point_SwiftUI.swift */,
				7A641F152A10EDDB004C243A /* ListGridView.swift */,
				7A641F162A10EDDB004C243A /* ListTextClickedBottomsheet.swift */,
				7A641F172A10EDDB004C243A /* BlurView.swift */,
				7A641F182A10EDDB004C243A /* CustomShape_UI.swift */,
				7A641F192A10EDDB004C243A /* WebView */,
				7A641F252A10EDDB004C243A /* TextField */,
				7A641F282A10EDDB004C243A /* StickyHeader.swift */,
				7A641F292A10EDDB004C243A /* Dialog */,
				7A641F2B2A10EDDB004C243A /* Image_Data_Process */,
				7A641F302A10EDDB004C243A /* RoundedCorners.swift */,
				7A641F312A10EDDB004C243A /* Load_Image_From_URL.swift */,
				7A641F322A10EDDB004C243A /* AnimationObserverModifier.swift */,
				7A641F332A10EDDB004C243A /* TextEditorView.swift */,
				7A641F342A10EDDB004C243A /* MarqueeText.swift */,
				7A641F352A10EDDB004C243A /* MonthPicker.swift */,
				7A641F372A10EDDB004C243A /* DragButton */,
				7A641F3A2A10EDDB004C243A /* VisualEffectView.swift */,
				7A641F3B2A10EDDB004C243A /* Dash_Line.swift */,
				7A641F3C2A10EDDB004C243A /* Bottom_LoadingIndicator.swift */,
				7A641F3D2A10EDDB004C243A /* Toast.swift */,
				7A641F3E2A10EDDB004C243A /* BaseView.swift */,
			);
			path = View_Support;
			sourceTree = "<group>";
		};
		7A641F192A10EDDB004C243A /* WebView */ = {
			isa = PBXGroup;
			children = (
				7A641F1A2A10EDDB004C243A /* Load_URL_WebView */,
				7A641F1F2A10EDDB004C243A /* PDF_WebView */,
				7A641F212A10EDDB004C243A /* Load_HTMLString_WebView */,
			);
			path = WebView;
			sourceTree = "<group>";
		};
		7A641F1A2A10EDDB004C243A /* Load_URL_WebView */ = {
			isa = PBXGroup;
			children = (
				7A641F1B2A10EDDB004C243A /* YoutubeScreen.swift */,
				7A641F1C2A10EDDB004C243A /* NormalWebView.swift */,
				7A641F1D2A10EDDB004C243A /* Dynamic_Static_WebView.swift */,
				7A641F1E2A10EDDB004C243A /* WebViewProcessMoney.swift */,
			);
			path = Load_URL_WebView;
			sourceTree = "<group>";
		};
		7A641F1F2A10EDDB004C243A /* PDF_WebView */ = {
			isa = PBXGroup;
			children = (
				7A641F202A10EDDB004C243A /* PDF_View_Controller.swift */,
			);
			path = PDF_WebView;
			sourceTree = "<group>";
		};
		7A641F212A10EDDB004C243A /* Load_HTMLString_WebView */ = {
			isa = PBXGroup;
			children = (
				7A641F222A10EDDB004C243A /* FAQs_WebView.swift */,
				7A641F232A10EDDB004C243A /* DynamicWebView.swift */,
				7A641F242A10EDDB004C243A /* IconWebView.swift */,
			);
			path = Load_HTMLString_WebView;
			sourceTree = "<group>";
		};
		7A641F252A10EDDB004C243A /* TextField */ = {
			isa = PBXGroup;
			children = (
				7A641F262A10EDDB004C243A /* MultiLineTextField.swift */,
				7A641F272A10EDDB004C243A /* BlockVietnameseTextField.swift */,
			);
			path = TextField;
			sourceTree = "<group>";
		};
		7A641F292A10EDDB004C243A /* Dialog */ = {
			isa = PBXGroup;
			children = (
				7A641F2A2A10EDDB004C243A /* TwoTextFieldDialog.swift */,
			);
			path = Dialog;
			sourceTree = "<group>";
		};
		7A641F2B2A10EDDB004C243A /* Image_Data_Process */ = {
			isa = PBXGroup;
			children = (
				7A641F2C2A10EDDB004C243A /* DatePicker_View.swift */,
				7A641F2D2A10EDDB004C243A /* DocumentPicker.swift */,
				7A641F2E2A10EDDB004C243A /* ImagePicker.swift */,
				7A641F2F2A10EDDB004C243A /* CameraPicker.swift */,
			);
			path = Image_Data_Process;
			sourceTree = "<group>";
		};
		7A641F372A10EDDB004C243A /* DragButton */ = {
			isa = PBXGroup;
			children = (
				7A641F382A10EDDB004C243A /* DragAbleButton.swift */,
				7A641F392A10EDDB004C243A /* Choose_Communicate.swift */,
			);
			path = DragButton;
			sourceTree = "<group>";
		};
		7A641F3F2A10EDDB004C243A /* Global_Data */ = {
			isa = PBXGroup;
			children = (
				7A641F402A10EDDB004C243A /* AppData.swift */,
				7A641F922A111B19004C243A /* Shortcut.swift */,
			);
			path = Global_Data;
			sourceTree = "<group>";
		};
		7A641F442A10EDDB004C243A /* Font */ = {
			isa = PBXGroup;
			children = (
				7A641F452A10EDDB004C243A /* RobotoSlab-Medium.ttf */,
				7A641F462A10EDDB004C243A /* FontManager.swift */,
				7A641F472A10EDDB004C243A /* RobotoSlab-SemiBold.ttf */,
				7A641F482A10EDDB004C243A /* RobotoSlab-ExtraBold.ttf */,
				7A641F492A10EDDB004C243A /* RobotoSlab-Thin.ttf */,
				7A641F4A2A10EDDB004C243A /* RobotoSlab-Black.ttf */,
				7A641F4B2A10EDDB004C243A /* RobotoSlab-Bold.ttf */,
				7A641F4C2A10EDDB004C243A /* RobotoSlab-Light.ttf */,
				7A641F4D2A10EDDB004C243A /* RobotoSlab-ExtraLight.ttf */,
				7A641F4E2A10EDDB004C243A /* RobotoSlab-Regular.ttf */,
			);
			path = Font;
			sourceTree = "<group>";
		};
		7A641F8C2A10F234004C243A /* Scenes */ = {
			isa = PBXGroup;
			children = (
				7A641F9A2A114438004C243A /* dashboard */,
				7A641F972A111C51004C243A /* new_plan */,
				7A641F942A111B3C004C243A /* empty_view */,
				7A641F8D2A10F2F8004C243A /* main */,
			);
			path = Scenes;
			sourceTree = "<group>";
		};
		7A641F8D2A10F2F8004C243A /* main */ = {
			isa = PBXGroup;
			children = (
				7A641F8E2A10F306004C243A /* custom_view */,
			);
			path = main;
			sourceTree = "<group>";
		};
		7A641F8E2A10F306004C243A /* custom_view */ = {
			isa = PBXGroup;
			children = (
				7A641F902A1118EC004C243A /* TabBar.swift */,
			);
			path = custom_view;
			sourceTree = "<group>";
		};
		7A641F8F2A10F3EB004C243A /* Resources */ = {
			isa = PBXGroup;
			children = (
			);
			path = Resources;
			sourceTree = "<group>";
		};
		7A641F942A111B3C004C243A /* empty_view */ = {
			isa = PBXGroup;
			children = (
				7A641F952A111B4E004C243A /* InDevelopmentView.swift */,
			);
			path = empty_view;
			sourceTree = "<group>";
		};
		7A641F972A111C51004C243A /* new_plan */ = {
			isa = PBXGroup;
			children = (
				7A641F982A111C6E004C243A /* TravelPlanView.swift */,
			);
			path = new_plan;
			sourceTree = "<group>";
		};
		7A641F9A2A114438004C243A /* dashboard */ = {
			isa = PBXGroup;
			children = (
				7A641FA82A1283E7004C243A /* models */,
				7A641F9B2A114447004C243A /* DashboardView.swift */,
			);
			path = dashboard;
			sourceTree = "<group>";
		};
		7A641FA82A1283E7004C243A /* models */ = {
			isa = PBXGroup;
			children = (
				7A641FA92A1283FB004C243A /* TravelItem.swift */,
			);
			path = models;
			sourceTree = "<group>";
		};
/* End PBXGroup section */

/* Begin PBXNativeTarget section */
		7A641EF32A10E45F004C243A /* TravelHandyPlan */ = {
			isa = PBXNativeTarget;
			buildConfigurationList = 7A641F022A10E460004C243A /* Build configuration list for PBXNativeTarget "TravelHandyPlan" */;
			buildPhases = (
				7A641EF02A10E45F004C243A /* Sources */,
				7A641EF12A10E45F004C243A /* Frameworks */,
				7A641EF22A10E45F004C243A /* Resources */,
			);
			buildRules = (
			);
			dependencies = (
			);
			name = TravelHandyPlan;
			packageProductDependencies = (
				7A641F9E2A114A69004C243A /* SDWebImage */,
				7A641FA12A114A80004C243A /* SDWebImageSwiftUI */,
				7A641FA42A114BA8004C243A /* Lottie */,
			);
			productName = TravelHandyPlan;
			productReference = 7A641EF42A10E45F004C243A /* TravelHandyPlan.app */;
			productType = "com.apple.product-type.application";
		};
/* End PBXNativeTarget section */

/* Begin PBXProject section */
		7A641EEC2A10E45F004C243A /* Project object */ = {
			isa = PBXProject;
			attributes = {
				BuildIndependentTargetsInParallel = 1;
				LastSwiftUpdateCheck = 1430;
				LastUpgradeCheck = 1430;
				TargetAttributes = {
					7A641EF32A10E45F004C243A = {
						CreatedOnToolsVersion = 14.3;
					};
				};
			};
			buildConfigurationList = 7A641EEF2A10E45F004C243A /* Build configuration list for PBXProject "TravelHandyPlan" */;
			compatibilityVersion = "Xcode 14.0";
			developmentRegion = en;
			hasScannedForEncodings = 0;
			knownRegions = (
				en,
				Base,
			);
			mainGroup = 7A641EEB2A10E45F004C243A;
			packageReferences = (
				7A641F9D2A114A69004C243A /* XCRemoteSwiftPackageReference "SDWebImage" */,
				7A641FA02A114A80004C243A /* XCRemoteSwiftPackageReference "SDWebImageSwiftUI" */,
				7A641FA32A114BA8004C243A /* XCRemoteSwiftPackageReference "lottie-spm" */,
			);
			productRefGroup = 7A641EF52A10E45F004C243A /* Products */;
			projectDirPath = "";
			projectRoot = "";
			targets = (
				7A641EF32A10E45F004C243A /* TravelHandyPlan */,
			);
		};
/* End PBXProject section */

/* Begin PBXResourcesBuildPhase section */
		7A641EF22A10E45F004C243A /* Resources */ = {
			isa = PBXResourcesBuildPhase;
			buildActionMask = 2147483647;
			files = (
				7A641F822A10EDDB004C243A /* RobotoSlab-Medium.ttf in Resources */,
				7A641EFF2A10E460004C243A /* Preview Assets.xcassets in Resources */,
				7A641F872A10EDDB004C243A /* RobotoSlab-Black.ttf in Resources */,
				7A641F842A10EDDB004C243A /* RobotoSlab-SemiBold.ttf in Resources */,
				7A641F882A10EDDB004C243A /* RobotoSlab-Bold.ttf in Resources */,
				7A641F8A2A10EDDB004C243A /* RobotoSlab-ExtraLight.ttf in Resources */,
				7A641F892A10EDDB004C243A /* RobotoSlab-Light.ttf in Resources */,
				7A641F852A10EDDB004C243A /* RobotoSlab-ExtraBold.ttf in Resources */,
				7A641F862A10EDDB004C243A /* RobotoSlab-Thin.ttf in Resources */,
				7A641EFC2A10E460004C243A /* Assets.xcassets in Resources */,
				7A641F8B2A10EDDB004C243A /* RobotoSlab-Regular.ttf in Resources */,
			);
			runOnlyForDeploymentPostprocessing = 0;
		};
/* End PBXResourcesBuildPhase section */

/* Begin PBXSourcesBuildPhase section */
		7A641EF02A10E45F004C243A /* Sources */ = {
			isa = PBXSourcesBuildPhase;
			buildActionMask = 2147483647;
			files = (
				7A641F732A10EDDB004C243A /* TextEditorView.swift in Sources */,
				7A641F7C2A10EDDB004C243A /* Toast.swift in Sources */,
				7A641F572A10EDDB004C243A /* Range+Extension.swift in Sources */,
				7A641F6D2A10EDDB004C243A /* DocumentPicker.swift in Sources */,
				7A641F752A10EDDB004C243A /* MonthPicker.swift in Sources */,
				7A641F552A10EDDB004C243A /* Codable+Extension.swift in Sources */,
				7A641F6F2A10EDDB004C243A /* CameraPicker.swift in Sources */,
				7A641F6E2A10EDDB004C243A /* ImagePicker.swift in Sources */,
				7A641F4F2A10EDDB004C243A /* Int+Extension.swift in Sources */,
				7A641F6A2A10EDDB004C243A /* StickyHeader.swift in Sources */,
				7A641F562A10EDDB004C243A /* Float+Extension.swift in Sources */,
				7A641F632A10EDDB004C243A /* WebViewProcessMoney.swift in Sources */,
				7A641F6C2A10EDDB004C243A /* DatePicker_View.swift in Sources */,
				7A641F662A10EDDB004C243A /* DynamicWebView.swift in Sources */,
				7A641F532A10EDDB004C243A /* String+Extension.swift in Sources */,
				7A641F5E2A10EDDB004C243A /* BlurView.swift in Sources */,
				7A641F722A10EDDB004C243A /* AnimationObserverModifier.swift in Sources */,
				7A641F9C2A114447004C243A /* DashboardView.swift in Sources */,
				7A641F512A10EDDB004C243A /* TextView+Extension.swift in Sources */,
				7A641F522A10EDDB004C243A /* Double+Extension.swift in Sources */,
				7A641F742A10EDDB004C243A /* MarqueeText.swift in Sources */,
				7A641F832A10EDDB004C243A /* FontManager.swift in Sources */,
				7A641F5A2A10EDDB004C243A /* Toolbar.swift in Sources */,
				7A641F792A10EDDB004C243A /* VisualEffectView.swift in Sources */,
				7A641F772A10EDDB004C243A /* DragAbleButton.swift in Sources */,
				7A641F912A1118EC004C243A /* TabBar.swift in Sources */,
				7A641F702A10EDDB004C243A /* RoundedCorners.swift in Sources */,
				7A641F592A10EDDB004C243A /* ScrollViewKey.swift in Sources */,
				7A641F642A10EDDB004C243A /* PDF_View_Controller.swift in Sources */,
				7A641F502A10EDDB004C243A /* Date+Extension.swift in Sources */,
				7A641F932A111B19004C243A /* Shortcut.swift in Sources */,
				7A641F692A10EDDB004C243A /* BlockVietnameseTextField.swift in Sources */,
				7A641F622A10EDDB004C243A /* Dynamic_Static_WebView.swift in Sources */,
				7A641F7E2A10EDDB004C243A /* AppData.swift in Sources */,
				7A641F962A111B4E004C243A /* InDevelopmentView.swift in Sources */,
				7A641F682A10EDDB004C243A /* MultiLineTextField.swift in Sources */,
				7A641F992A111C6E004C243A /* TravelPlanView.swift in Sources */,
				7A641F672A10EDDB004C243A /* IconWebView.swift in Sources */,
				7A641F712A10EDDB004C243A /* Load_Image_From_URL.swift in Sources */,
				7A641F652A10EDDB004C243A /* FAQs_WebView.swift in Sources */,
				7A641F602A10EDDB004C243A /* YoutubeScreen.swift in Sources */,
				7A641F6B2A10EDDB004C243A /* TwoTextFieldDialog.swift in Sources */,
				7A641F5C2A10EDDB004C243A /* ListGridView.swift in Sources */,
				7A641EFA2A10E45F004C243A /* MainView.swift in Sources */,
				7A641EF82A10E45F004C243A /* TravelHandyPlanApp.swift in Sources */,
				7A641F782A10EDDB004C243A /* Choose_Communicate.swift in Sources */,
				7A641F7D2A10EDDB004C243A /* BaseView.swift in Sources */,
				7A641FAA2A1283FB004C243A /* TravelItem.swift in Sources */,
				7A641F5B2A10EDDB004C243A /* Buttlet_Point_SwiftUI.swift in Sources */,
				7A641F5D2A10EDDB004C243A /* ListTextClickedBottomsheet.swift in Sources */,
				7A641F612A10EDDB004C243A /* NormalWebView.swift in Sources */,
				7A641F582A10EDDB004C243A /* View+Extension.swift in Sources */,
				7A641F5F2A10EDDB004C243A /* CustomShape_UI.swift in Sources */,
				7A641F7A2A10EDDB004C243A /* Dash_Line.swift in Sources */,
				7A641F7B2A10EDDB004C243A /* Bottom_LoadingIndicator.swift in Sources */,
				7A641FA72A114D03004C243A /* Font+Extension.swift in Sources */,
				7A641F542A10EDDB004C243A /* Color+Extension.swift in Sources */,
			);
			runOnlyForDeploymentPostprocessing = 0;
		};
/* End PBXSourcesBuildPhase section */

/* Begin XCBuildConfiguration section */
		7A641F002A10E460004C243A /* Debug */ = {
			isa = XCBuildConfiguration;
			buildSettings = {
				ALWAYS_SEARCH_USER_PATHS = NO;
				CLANG_ANALYZER_NONNULL = YES;
				CLANG_ANALYZER_NUMBER_OBJECT_CONVERSION = YES_AGGRESSIVE;
				CLANG_CXX_LANGUAGE_STANDARD = "gnu++20";
				CLANG_ENABLE_MODULES = YES;
				CLANG_ENABLE_OBJC_ARC = YES;
				CLANG_ENABLE_OBJC_WEAK = YES;
				CLANG_WARN_BLOCK_CAPTURE_AUTORELEASING = YES;
				CLANG_WARN_BOOL_CONVERSION = YES;
				CLANG_WARN_COMMA = YES;
				CLANG_WARN_CONSTANT_CONVERSION = YES;
				CLANG_WARN_DEPRECATED_OBJC_IMPLEMENTATIONS = YES;
				CLANG_WARN_DIRECT_OBJC_ISA_USAGE = YES_ERROR;
				CLANG_WARN_DOCUMENTATION_COMMENTS = YES;
				CLANG_WARN_EMPTY_BODY = YES;
				CLANG_WARN_ENUM_CONVERSION = YES;
				CLANG_WARN_INFINITE_RECURSION = YES;
				CLANG_WARN_INT_CONVERSION = YES;
				CLANG_WARN_NON_LITERAL_NULL_CONVERSION = YES;
				CLANG_WARN_OBJC_IMPLICIT_RETAIN_SELF = YES;
				CLANG_WARN_OBJC_LITERAL_CONVERSION = YES;
				CLANG_WARN_OBJC_ROOT_CLASS = YES_ERROR;
				CLANG_WARN_QUOTED_INCLUDE_IN_FRAMEWORK_HEADER = YES;
				CLANG_WARN_RANGE_LOOP_ANALYSIS = YES;
				CLANG_WARN_STRICT_PROTOTYPES = YES;
				CLANG_WARN_SUSPICIOUS_MOVE = YES;
				CLANG_WARN_UNGUARDED_AVAILABILITY = YES_AGGRESSIVE;
				CLANG_WARN_UNREACHABLE_CODE = YES;
				CLANG_WARN__DUPLICATE_METHOD_MATCH = YES;
				COPY_PHASE_STRIP = NO;
				DEBUG_INFORMATION_FORMAT = dwarf;
				ENABLE_STRICT_OBJC_MSGSEND = YES;
				ENABLE_TESTABILITY = YES;
				GCC_C_LANGUAGE_STANDARD = gnu11;
				GCC_DYNAMIC_NO_PIC = NO;
				GCC_NO_COMMON_BLOCKS = YES;
				GCC_OPTIMIZATION_LEVEL = 0;
				GCC_PREPROCESSOR_DEFINITIONS = (
					"DEBUG=1",
					"$(inherited)",
				);
				GCC_WARN_64_TO_32_BIT_CONVERSION = YES;
				GCC_WARN_ABOUT_RETURN_TYPE = YES_ERROR;
				GCC_WARN_UNDECLARED_SELECTOR = YES;
				GCC_WARN_UNINITIALIZED_AUTOS = YES_AGGRESSIVE;
				GCC_WARN_UNUSED_FUNCTION = YES;
				GCC_WARN_UNUSED_VARIABLE = YES;
				IPHONEOS_DEPLOYMENT_TARGET = 15.0;
				MTL_ENABLE_DEBUG_INFO = INCLUDE_SOURCE;
				MTL_FAST_MATH = YES;
				ONLY_ACTIVE_ARCH = YES;
				SDKROOT = iphoneos;
				SWIFT_ACTIVE_COMPILATION_CONDITIONS = DEBUG;
				SWIFT_OPTIMIZATION_LEVEL = "-Onone";
			};
			name = Debug;
		};
		7A641F012A10E460004C243A /* Release */ = {
			isa = XCBuildConfiguration;
			buildSettings = {
				ALWAYS_SEARCH_USER_PATHS = NO;
				CLANG_ANALYZER_NONNULL = YES;
				CLANG_ANALYZER_NUMBER_OBJECT_CONVERSION = YES_AGGRESSIVE;
				CLANG_CXX_LANGUAGE_STANDARD = "gnu++20";
				CLANG_ENABLE_MODULES = YES;
				CLANG_ENABLE_OBJC_ARC = YES;
				CLANG_ENABLE_OBJC_WEAK = YES;
				CLANG_WARN_BLOCK_CAPTURE_AUTORELEASING = YES;
				CLANG_WARN_BOOL_CONVERSION = YES;
				CLANG_WARN_COMMA = YES;
				CLANG_WARN_CONSTANT_CONVERSION = YES;
				CLANG_WARN_DEPRECATED_OBJC_IMPLEMENTATIONS = YES;
				CLANG_WARN_DIRECT_OBJC_ISA_USAGE = YES_ERROR;
				CLANG_WARN_DOCUMENTATION_COMMENTS = YES;
				CLANG_WARN_EMPTY_BODY = YES;
				CLANG_WARN_ENUM_CONVERSION = YES;
				CLANG_WARN_INFINITE_RECURSION = YES;
				CLANG_WARN_INT_CONVERSION = YES;
				CLANG_WARN_NON_LITERAL_NULL_CONVERSION = YES;
				CLANG_WARN_OBJC_IMPLICIT_RETAIN_SELF = YES;
				CLANG_WARN_OBJC_LITERAL_CONVERSION = YES;
				CLANG_WARN_OBJC_ROOT_CLASS = YES_ERROR;
				CLANG_WARN_QUOTED_INCLUDE_IN_FRAMEWORK_HEADER = YES;
				CLANG_WARN_RANGE_LOOP_ANALYSIS = YES;
				CLANG_WARN_STRICT_PROTOTYPES = YES;
				CLANG_WARN_SUSPICIOUS_MOVE = YES;
				CLANG_WARN_UNGUARDED_AVAILABILITY = YES_AGGRESSIVE;
				CLANG_WARN_UNREACHABLE_CODE = YES;
				CLANG_WARN__DUPLICATE_METHOD_MATCH = YES;
				COPY_PHASE_STRIP = NO;
				DEBUG_INFORMATION_FORMAT = "dwarf-with-dsym";
				ENABLE_NS_ASSERTIONS = NO;
				ENABLE_STRICT_OBJC_MSGSEND = YES;
				GCC_C_LANGUAGE_STANDARD = gnu11;
				GCC_NO_COMMON_BLOCKS = YES;
				GCC_WARN_64_TO_32_BIT_CONVERSION = YES;
				GCC_WARN_ABOUT_RETURN_TYPE = YES_ERROR;
				GCC_WARN_UNDECLARED_SELECTOR = YES;
				GCC_WARN_UNINITIALIZED_AUTOS = YES_AGGRESSIVE;
				GCC_WARN_UNUSED_FUNCTION = YES;
				GCC_WARN_UNUSED_VARIABLE = YES;
				IPHONEOS_DEPLOYMENT_TARGET = 15.0;
				MTL_ENABLE_DEBUG_INFO = NO;
				MTL_FAST_MATH = YES;
				SDKROOT = iphoneos;
				SWIFT_COMPILATION_MODE = wholemodule;
				SWIFT_OPTIMIZATION_LEVEL = "-O";
				VALIDATE_PRODUCT = YES;
			};
			name = Release;
		};
		7A641F032A10E460004C243A /* Debug */ = {
			isa = XCBuildConfiguration;
			buildSettings = {
				ASSETCATALOG_COMPILER_APPICON_NAME = AppIcon;
				ASSETCATALOG_COMPILER_GLOBAL_ACCENT_COLOR_NAME = AccentColor;
				CODE_SIGN_STYLE = Automatic;
				CURRENT_PROJECT_VERSION = 1;
				DEVELOPMENT_ASSET_PATHS = "\"TravelHandyPlan/Preview Content\"";
				DEVELOPMENT_TEAM = M6473PHHYS;
				ENABLE_PREVIEWS = YES;
				GENERATE_INFOPLIST_FILE = YES;
				INFOPLIST_KEY_UIApplicationSceneManifest_Generation = YES;
				INFOPLIST_KEY_UIApplicationSupportsIndirectInputEvents = YES;
				INFOPLIST_KEY_UILaunchScreen_Generation = YES;
				INFOPLIST_KEY_UISupportedInterfaceOrientations_iPad = "UIInterfaceOrientationPortrait UIInterfaceOrientationPortraitUpsideDown UIInterfaceOrientationLandscapeLeft UIInterfaceOrientationLandscapeRight";
				INFOPLIST_KEY_UISupportedInterfaceOrientations_iPhone = "UIInterfaceOrientationPortrait UIInterfaceOrientationLandscapeLeft UIInterfaceOrientationLandscapeRight";
				IPHONEOS_DEPLOYMENT_TARGET = 15.0;
				LD_RUNPATH_SEARCH_PATHS = (
					"$(inherited)",
					"@executable_path/Frameworks",
				);
				MARKETING_VERSION = 1.0;
				PRODUCT_BUNDLE_IDENTIFIER = vn.silverbot.TravelHandyPlan;
				PRODUCT_NAME = "$(TARGET_NAME)";
				SWIFT_EMIT_LOC_STRINGS = YES;
				SWIFT_VERSION = 5.0;
				TARGETED_DEVICE_FAMILY = "1,2";
			};
			name = Debug;
		};
		7A641F042A10E460004C243A /* Release */ = {
			isa = XCBuildConfiguration;
			buildSettings = {
				ASSETCATALOG_COMPILER_APPICON_NAME = AppIcon;
				ASSETCATALOG_COMPILER_GLOBAL_ACCENT_COLOR_NAME = AccentColor;
				CODE_SIGN_STYLE = Automatic;
				CURRENT_PROJECT_VERSION = 1;
				DEVELOPMENT_ASSET_PATHS = "\"TravelHandyPlan/Preview Content\"";
				DEVELOPMENT_TEAM = M6473PHHYS;
				ENABLE_PREVIEWS = YES;
				GENERATE_INFOPLIST_FILE = YES;
				INFOPLIST_KEY_UIApplicationSceneManifest_Generation = YES;
				INFOPLIST_KEY_UIApplicationSupportsIndirectInputEvents = YES;
				INFOPLIST_KEY_UILaunchScreen_Generation = YES;
				INFOPLIST_KEY_UISupportedInterfaceOrientations_iPad = "UIInterfaceOrientationPortrait UIInterfaceOrientationPortraitUpsideDown UIInterfaceOrientationLandscapeLeft UIInterfaceOrientationLandscapeRight";
				INFOPLIST_KEY_UISupportedInterfaceOrientations_iPhone = "UIInterfaceOrientationPortrait UIInterfaceOrientationLandscapeLeft UIInterfaceOrientationLandscapeRight";
				IPHONEOS_DEPLOYMENT_TARGET = 15.0;
				LD_RUNPATH_SEARCH_PATHS = (
					"$(inherited)",
					"@executable_path/Frameworks",
				);
				MARKETING_VERSION = 1.0;
				PRODUCT_BUNDLE_IDENTIFIER = vn.silverbot.TravelHandyPlan;
				PRODUCT_NAME = "$(TARGET_NAME)";
				SWIFT_EMIT_LOC_STRINGS = YES;
				SWIFT_VERSION = 5.0;
				TARGETED_DEVICE_FAMILY = "1,2";
			};
			name = Release;
		};
/* End XCBuildConfiguration section */

/* Begin XCConfigurationList section */
		7A641EEF2A10E45F004C243A /* Build configuration list for PBXProject "TravelHandyPlan" */ = {
			isa = XCConfigurationList;
			buildConfigurations = (
				7A641F002A10E460004C243A /* Debug */,
				7A641F012A10E460004C243A /* Release */,
			);
			defaultConfigurationIsVisible = 0;
			defaultConfigurationName = Release;
		};
		7A641F022A10E460004C243A /* Build configuration list for PBXNativeTarget "TravelHandyPlan" */ = {
			isa = XCConfigurationList;
			buildConfigurations = (
				7A641F032A10E460004C243A /* Debug */,
				7A641F042A10E460004C243A /* Release */,
			);
			defaultConfigurationIsVisible = 0;
			defaultConfigurationName = Release;
		};
/* End XCConfigurationList section */

/* Begin XCRemoteSwiftPackageReference section */
		7A641F9D2A114A69004C243A /* XCRemoteSwiftPackageReference "SDWebImage" */ = {
			isa = XCRemoteSwiftPackageReference;
			repositoryURL = "https://github.com/SDWebImage/SDWebImage";
			requirement = {
				kind = upToNextMajorVersion;
				minimumVersion = 5.0.0;
			};
		};
		7A641FA02A114A80004C243A /* XCRemoteSwiftPackageReference "SDWebImageSwiftUI" */ = {
			isa = XCRemoteSwiftPackageReference;
			repositoryURL = "https://github.com/SDWebImage/SDWebImageSwiftUI";
			requirement = {
				kind = upToNextMajorVersion;
				minimumVersion = 2.2.1;
			};
		};
		7A641FA32A114BA8004C243A /* XCRemoteSwiftPackageReference "lottie-spm" */ = {
			isa = XCRemoteSwiftPackageReference;
			repositoryURL = "https://github.com/airbnb/lottie-spm.git";
			requirement = {
				kind = upToNextMajorVersion;
				minimumVersion = 4.2.0;
			};
		};
/* End XCRemoteSwiftPackageReference section */

/* Begin XCSwiftPackageProductDependency section */
		7A641F9E2A114A69004C243A /* SDWebImage */ = {
			isa = XCSwiftPackageProductDependency;
			package = 7A641F9D2A114A69004C243A /* XCRemoteSwiftPackageReference "SDWebImage" */;
			productName = SDWebImage;
		};
		7A641FA12A114A80004C243A /* SDWebImageSwiftUI */ = {
			isa = XCSwiftPackageProductDependency;
			package = 7A641FA02A114A80004C243A /* XCRemoteSwiftPackageReference "SDWebImageSwiftUI" */;
			productName = SDWebImageSwiftUI;
		};
		7A641FA42A114BA8004C243A /* Lottie */ = {
			isa = XCSwiftPackageProductDependency;
			package = 7A641FA32A114BA8004C243A /* XCRemoteSwiftPackageReference "lottie-spm" */;
			productName = Lottie;
		};
/* End XCSwiftPackageProductDependency section */
	};
	rootObject = 7A641EEC2A10E45F004C243A /* Project object */;
}
